
Microsoft Visual Studio Solution File, Format Version 12.00
# Visual Studio Version 17
VisualStudioVersion = 17.11.35222.181
MinimumVisualStudioVersion = 10.0.40219.1
Project("{FAE04EC0-301F-11D3-BF4B-00C04F79EFBC}") = "ReactApp1.Server", "ReactApp1.Server\ReactApp1.Server.csproj", "{B59708BE-86EC-4DD2-A859-C7732A491CC0}"
EndProject
Project("{54A90642-561A-4BB1-A94E-469ADEE60C69}") = "reactapp1.client", "reactapp1.client\reactapp1.client.esproj", "{34216BD8-9AF6-4EE5-8168-6070B55E1994}"
EndProject
Global
	GlobalSection(SolutionConfigurationPlatforms) = preSolution
		Debug|Any CPU = Debug|Any CPU
		Release|Any CPU = Release|Any CPU
	EndGlobalSection
	GlobalSection(ProjectConfigurationPlatforms) = postSolution
		{B59708BE-86EC-4DD2-A859-C7732A491CC0}.Debug|Any CPU.ActiveCfg = Debug|Any CPU
		{B59708BE-86EC-4DD2-A859-C7732A491CC0}.Debug|Any CPU.Build.0 = Debug|Any CPU
		{B59708BE-86EC-4DD2-A859-C7732A491CC0}.Release|Any CPU.ActiveCfg = Release|Any CPU
		{B59708BE-86EC-4DD2-A859-C7732A491CC0}.Release|Any CPU.Build.0 = Release|Any CPU
		{34216BD8-9AF6-4EE5-8168-6070B55E1994}.Debug|Any CPU.ActiveCfg = Debug|Any CPU
		{34216BD8-9AF6-4EE5-8168-6070B55E1994}.Debug|Any CPU.Build.0 = Debug|Any CPU
		{34216BD8-9AF6-4EE5-8168-6070B55E1994}.Debug|Any CPU.Deploy.0 = Debug|Any CPU
		{34216BD8-9AF6-4EE5-8168-6070B55E1994}.Release|Any CPU.ActiveCfg = Release|Any CPU
		{34216BD8-9AF6-4EE5-8168-6070B55E1994}.Release|Any CPU.Build.0 = Release|Any CPU
		{34216BD8-9AF6-4EE5-8168-6070B55E1994}.Release|Any CPU.Deploy.0 = Release|Any CPU
	EndGlobalSection
	GlobalSection(SolutionProperties) = preSolution
		HideSolutionNode = FALSE
	EndGlobalSection
	GlobalSection(ExtensibilityGlobals) = postSolution
		SolutionGuid = {28879F01-A88C-4646-93EB-D592FBC8DAAF}
	EndGlobalSection
EndGlobal
